
Microsoft Visual Studio Solution File, Format Version 12.00
Project("{FAE04EC0-301F-11D3-BF4B-00C04F79EFBC}") = "AddressBookFinal", "AddressBookFinal\AddressBookFinal.csproj", "{3E4A72FB-830A-44B9-BCFF-FC101EF3545E}"
EndProject
Global
	GlobalSection(SolutionConfigurationPlatforms) = preSolution
		Debug|Any CPU = Debug|Any CPU
		Release|Any CPU = Release|Any CPU
	EndGlobalSection
	GlobalSection(ProjectConfigurationPlatforms) = postSolution
		{3E4A72FB-830A-44B9-BCFF-FC101EF3545E}.Debug|Any CPU.ActiveCfg = Debug|Any CPU
		{3E4A72FB-830A-44B9-BCFF-FC101EF3545E}.Debug|Any CPU.Build.0 = Debug|Any CPU
		{3E4A72FB-830A-44B9-BCFF-FC101EF3545E}.Release|Any CPU.ActiveCfg = Release|Any CPU
		{3E4A72FB-830A-44B9-BCFF-FC101EF3545E}.Release|Any CPU.Build.0 = Release|Any CPU
	EndGlobalSection
EndGlobal
